
Microsoft Visual Studio Solution File, Format Version 12.00
# Visual Studio Version 17
VisualStudioVersion = 17.11.35327.3
MinimumVisualStudioVersion = 10.0.40219.1
Project("{FAE04EC0-301F-11D3-BF4B-00C04F79EFBC}") = "AplicatieSalaDeFitness", "AplicatieSalaDeFitness.csproj", "{D53E2725-68AA-48C2-A992-C6C76ED188F9}"
EndProject
Project("{FAE04EC0-301F-11D3-BF4B-00C04F79EFBC}") = "FitnessMobil", "..\FitnessMobil\FitnessMobil.csproj", "{D07AFB46-3870-4F5E-88A3-7F2D1BFACAD1}"
EndProject
Global
	GlobalSection(SolutionConfigurationPlatforms) = preSolution
		Debug|Any CPU = Debug|Any CPU
		Release|Any CPU = Release|Any CPU
	EndGlobalSection
	GlobalSection(ProjectConfigurationPlatforms) = postSolution
		{D53E2725-68AA-48C2-A992-C6C76ED188F9}.Debug|Any CPU.ActiveCfg = Debug|Any CPU
		{D53E2725-68AA-48C2-A992-C6C76ED188F9}.Debug|Any CPU.Build.0 = Debug|Any CPU
		{D53E2725-68AA-48C2-A992-C6C76ED188F9}.Release|Any CPU.ActiveCfg = Release|Any CPU
		{D53E2725-68AA-48C2-A992-C6C76ED188F9}.Release|Any CPU.Build.0 = Release|Any CPU
		{D07AFB46-3870-4F5E-88A3-7F2D1BFACAD1}.Debug|Any CPU.ActiveCfg = Debug|Any CPU
		{D07AFB46-3870-4F5E-88A3-7F2D1BFACAD1}.Debug|Any CPU.Build.0 = Debug|Any CPU
		{D07AFB46-3870-4F5E-88A3-7F2D1BFACAD1}.Debug|Any CPU.Deploy.0 = Debug|Any CPU
		{D07AFB46-3870-4F5E-88A3-7F2D1BFACAD1}.Release|Any CPU.ActiveCfg = Release|Any CPU
		{D07AFB46-3870-4F5E-88A3-7F2D1BFACAD1}.Release|Any CPU.Build.0 = Release|Any CPU
		{D07AFB46-3870-4F5E-88A3-7F2D1BFACAD1}.Release|Any CPU.Deploy.0 = Release|Any CPU
	EndGlobalSection
	GlobalSection(SolutionProperties) = preSolution
		HideSolutionNode = FALSE
	EndGlobalSection
	GlobalSection(ExtensibilityGlobals) = postSolution
		SolutionGuid = {532F5A41-8273-4F29-8703-A6A5EBE1C6C4}
	EndGlobalSection
EndGlobal
